// !$*UTF8*$!
{
	archiveVersion = 1;
	classes = {
	};
	objectVersion = 46;
	objects = {

/* Begin PBXBuildFile section */
		AC1AE1761EA3DAA00092E0BD /* AppDelegate.swift in Sources */ = {isa = PBXBuildFile; fileRef = AC1AE1751EA3DAA00092E0BD /* AppDelegate.swift */; };
		AC1AE1781EA3DAA00092E0BD /* ViewController.swift in Sources */ = {isa = PBXBuildFile; fileRef = AC1AE1771EA3DAA00092E0BD /* ViewController.swift */; };
		AC1AE17B1EA3DAA00092E0BD /* Main.storyboard in Resources */ = {isa = PBXBuildFile; fileRef = AC1AE1791EA3DAA00092E0BD /* Main.storyboard */; };
		AC1AE17E1EA3DAA00092E0BD /* OMDB.xcdatamodeld in Sources */ = {isa = PBXBuildFile; fileRef = AC1AE17C1EA3DAA00092E0BD /* OMDB.xcdatamodeld */; };
		AC1AE1801EA3DAA00092E0BD /* Assets.xcassets in Resources */ = {isa = PBXBuildFile; fileRef = AC1AE17F1EA3DAA00092E0BD /* Assets.xcassets */; };
		AC1AE1831EA3DAA00092E0BD /* LaunchScreen.storyboard in Resources */ = {isa = PBXBuildFile; fileRef = AC1AE1811EA3DAA00092E0BD /* LaunchScreen.storyboard */; };
		AC1AE18E1EA3DAA00092E0BD /* OMDBTests.swift in Sources */ = {isa = PBXBuildFile; fileRef = AC1AE18D1EA3DAA00092E0BD /* OMDBTests.swift */; };
		AC1AE1991EA3E22F0092E0BD /* RecentsViewController.swift in Sources */ = {isa = PBXBuildFile; fileRef = AC1AE1981EA3E22F0092E0BD /* RecentsViewController.swift */; };
		AC1AE19B1EA3E23E0092E0BD /* RecentMovieViewController.swift in Sources */ = {isa = PBXBuildFile; fileRef = AC1AE19A1EA3E23E0092E0BD /* RecentMovieViewController.swift */; };
		AC1AE19D1EA3E2800092E0BD /* FavoritesViewController.swift in Sources */ = {isa = PBXBuildFile; fileRef = AC1AE19C1EA3E2800092E0BD /* FavoritesViewController.swift */; };
		AC1AE19F1EA3E2930092E0BD /* FavoriteMovieViewController.swift in Sources */ = {isa = PBXBuildFile; fileRef = AC1AE19E1EA3E2930092E0BD /* FavoriteMovieViewController.swift */; };
		AC1AE1A21EA3F18D0092E0BD /* globalVariables.swift in Sources */ = {isa = PBXBuildFile; fileRef = AC1AE1A11EA3F18D0092E0BD /* globalVariables.swift */; };
/* End PBXBuildFile section */

/* Begin PBXContainerItemProxy section */
		AC1AE18A1EA3DAA00092E0BD /* PBXContainerItemProxy */ = {
			isa = PBXContainerItemProxy;
			containerPortal = AC1AE16A1EA3DA9F0092E0BD /* Project object */;
			proxyType = 1;
			remoteGlobalIDString = AC1AE1711EA3DAA00092E0BD;
			remoteInfo = OMDB;
		};
/* End PBXContainerItemProxy section */

/* Begin PBXFileReference section */
		AC1AE1721EA3DAA00092E0BD /* OMDB.app */ = {isa = PBXFileReference; explicitFileType = wrapper.application; includeInIndex = 0; path = OMDB.app; sourceTree = BUILT_PRODUCTS_DIR; };
		AC1AE1751EA3DAA00092E0BD /* AppDelegate.swift */ = {isa = PBXFileReference; lastKnownFileType = sourcecode.swift; path = AppDelegate.swift; sourceTree = "<group>"; };
		AC1AE1771EA3DAA00092E0BD /* ViewController.swift */ = {isa = PBXFileReference; lastKnownFileType = sourcecode.swift; path = ViewController.swift; sourceTree = "<group>"; };
		AC1AE17A1EA3DAA00092E0BD /* Base */ = {isa = PBXFileReference; lastKnownFileType = file.storyboard; name = Base; path = Base.lproj/Main.storyboard; sourceTree = "<group>"; };
		AC1AE17D1EA3DAA00092E0BD /* OMDB.xcdatamodel */ = {isa = PBXFileReference; lastKnownFileType = wrapper.xcdatamodel; path = OMDB.xcdatamodel; sourceTree = "<group>"; };
		AC1AE17F1EA3DAA00092E0BD /* Assets.xcassets */ = {isa = PBXFileReference; lastKnownFileType = folder.assetcatalog; path = Assets.xcassets; sourceTree = "<group>"; };
		AC1AE1821EA3DAA00092E0BD /* Base */ = {isa = PBXFileReference; lastKnownFileType = file.storyboard; name = Base; path = Base.lproj/LaunchScreen.storyboard; sourceTree = "<group>"; };
		AC1AE1841EA3DAA00092E0BD /* Info.plist */ = {isa = PBXFileReference; lastKnownFileType = text.plist.xml; path = Info.plist; sourceTree = "<group>"; };
		AC1AE1891EA3DAA00092E0BD /* OMDBTests.xctest */ = {isa = PBXFileReference; explicitFileType = wrapper.cfbundle; includeInIndex = 0; path = OMDBTests.xctest; sourceTree = BUILT_PRODUCTS_DIR; };
		AC1AE18D1EA3DAA00092E0BD /* OMDBTests.swift */ = {isa = PBXFileReference; lastKnownFileType = sourcecode.swift; path = OMDBTests.swift; sourceTree = "<group>"; };
		AC1AE18F1EA3DAA00092E0BD /* Info.plist */ = {isa = PBXFileReference; lastKnownFileType = text.plist.xml; path = Info.plist; sourceTree = "<group>"; };
		AC1AE1981EA3E22F0092E0BD /* RecentsViewController.swift */ = {isa = PBXFileReference; fileEncoding = 4; lastKnownFileType = sourcecode.swift; path = RecentsViewController.swift; sourceTree = "<group>"; };
		AC1AE19A1EA3E23E0092E0BD /* RecentMovieViewController.swift */ = {isa = PBXFileReference; fileEncoding = 4; lastKnownFileType = sourcecode.swift; path = RecentMovieViewController.swift; sourceTree = "<group>"; };
		AC1AE19C1EA3E2800092E0BD /* FavoritesViewController.swift */ = {isa = PBXFileReference; fileEncoding = 4; lastKnownFileType = sourcecode.swift; path = FavoritesViewController.swift; sourceTree = "<group>"; };
		AC1AE19E1EA3E2930092E0BD /* FavoriteMovieViewController.swift */ = {isa = PBXFileReference; fileEncoding = 4; lastKnownFileType = sourcecode.swift; path = FavoriteMovieViewController.swift; sourceTree = "<group>"; };
		AC1AE1A11EA3F18D0092E0BD /* globalVariables.swift */ = {isa = PBXFileReference; fileEncoding = 4; lastKnownFileType = sourcecode.swift; path = globalVariables.swift; sourceTree = "<group>"; };
/* End PBXFileReference section */

/* Begin PBXFrameworksBuildPhase section */
		AC1AE16F1EA3DAA00092E0BD /* Frameworks */ = {
			isa = PBXFrameworksBuildPhase;
			buildActionMask = 2147483647;
			files = (
			);
			runOnlyForDeploymentPostprocessing = 0;
		};
		AC1AE1861EA3DAA00092E0BD /* Frameworks */ = {
			isa = PBXFrameworksBuildPhase;
			buildActionMask = 2147483647;
			files = (
			);
			runOnlyForDeploymentPostprocessing = 0;
		};
/* End PBXFrameworksBuildPhase section */

/* Begin PBXGroup section */
		AC1AE1691EA3DA9F0092E0BD = {
			isa = PBXGroup;
			children = (
				AC1AE1741EA3DAA00092E0BD /* OMDB */,
				AC1AE18C1EA3DAA00092E0BD /* OMDBTests */,
				AC1AE1731EA3DAA00092E0BD /* Products */,
			);
			sourceTree = "<group>";
		};
		AC1AE1731EA3DAA00092E0BD /* Products */ = {
			isa = PBXGroup;
			children = (
				AC1AE1721EA3DAA00092E0BD /* OMDB.app */,
				AC1AE1891EA3DAA00092E0BD /* OMDBTests.xctest */,
			);
			name = Products;
			sourceTree = "<group>";
		};
		AC1AE1741EA3DAA00092E0BD /* OMDB */ = {
			isa = PBXGroup;
			children = (
				AC1AE1751EA3DAA00092E0BD /* AppDelegate.swift */,
				AC1AE1771EA3DAA00092E0BD /* ViewController.swift */,
				AC1AE1791EA3DAA00092E0BD /* Main.storyboard */,
				AC1AE1981EA3E22F0092E0BD /* RecentsViewController.swift */,
				AC1AE19A1EA3E23E0092E0BD /* RecentMovieViewController.swift */,
				AC1AE19C1EA3E2800092E0BD /* FavoritesViewController.swift */,
				AC1AE19E1EA3E2930092E0BD /* FavoriteMovieViewController.swift */,
				AC1AE1A11EA3F18D0092E0BD /* globalVariables.swift */,
				AC1AE17F1EA3DAA00092E0BD /* Assets.xcassets */,
				AC1AE1811EA3DAA00092E0BD /* LaunchScreen.storyboard */,
				AC1AE1841EA3DAA00092E0BD /* Info.plist */,
				AC1AE17C1EA3DAA00092E0BD /* OMDB.xcdatamodeld */,
			);
			path = OMDB;
			sourceTree = "<group>";
		};
		AC1AE18C1EA3DAA00092E0BD /* OMDBTests */ = {
			isa = PBXGroup;
			children = (
				AC1AE18D1EA3DAA00092E0BD /* OMDBTests.swift */,
				AC1AE18F1EA3DAA00092E0BD /* Info.plist */,
			);
			path = OMDBTests;
			sourceTree = "<group>";
		};
/* End PBXGroup section */

/* Begin PBXNativeTarget section */
		AC1AE1711EA3DAA00092E0BD /* OMDB */ = {
			isa = PBXNativeTarget;
			buildConfigurationList = AC1AE1921EA3DAA00092E0BD /* Build configuration list for PBXNativeTarget "OMDB" */;
			buildPhases = (
				AC1AE16E1EA3DAA00092E0BD /* Sources */,
				AC1AE16F1EA3DAA00092E0BD /* Frameworks */,
				AC1AE1701EA3DAA00092E0BD /* Resources */,
			);
			buildRules = (
			);
			dependencies = (
			);
			name = OMDB;
			productName = OMDB;
			productReference = AC1AE1721EA3DAA00092E0BD /* OMDB.app */;
			productType = "com.apple.product-type.application";
		};
		AC1AE1881EA3DAA00092E0BD /* OMDBTests */ = {
			isa = PBXNativeTarget;
			buildConfigurationList = AC1AE1951EA3DAA00092E0BD /* Build configuration list for PBXNativeTarget "OMDBTests" */;
			buildPhases = (
				AC1AE1851EA3DAA00092E0BD /* Sources */,
				AC1AE1861EA3DAA00092E0BD /* Frameworks */,
				AC1AE1871EA3DAA00092E0BD /* Resources */,
			);
			buildRules = (
			);
			dependencies = (
				AC1AE18B1EA3DAA00092E0BD /* PBXTargetDependency */,
			);
			name = OMDBTests;
			productName = OMDBTests;
			productReference = AC1AE1891EA3DAA00092E0BD /* OMDBTests.xctest */;
			productType = "com.apple.product-type.bundle.unit-test";
		};
/* End PBXNativeTarget section */

/* Begin PBXProject section */
		AC1AE16A1EA3DA9F0092E0BD /* Project object */ = {
			isa = PBXProject;
			attributes = {
				LastSwiftUpdateCheck = 0800;
				LastUpgradeCheck = 0800;
				ORGANIZATIONNAME = "Gautham Kumar";
				TargetAttributes = {
					AC1AE1711EA3DAA00092E0BD = {
						CreatedOnToolsVersion = 8.0;
						DevelopmentTeam = 3H48PQ496E;
						ProvisioningStyle = Automatic;
					};
					AC1AE1881EA3DAA00092E0BD = {
						CreatedOnToolsVersion = 8.0;
						ProvisioningStyle = Automatic;
						TestTargetID = AC1AE1711EA3DAA00092E0BD;
					};
				};
			};
			buildConfigurationList = AC1AE16D1EA3DA9F0092E0BD /* Build configuration list for PBXProject "OMDB" */;
			compatibilityVersion = "Xcode 3.2";
			developmentRegion = English;
			hasScannedForEncodings = 0;
			knownRegions = (
				en,
				Base,
			);
			mainGroup = AC1AE1691EA3DA9F0092E0BD;
			productRefGroup = AC1AE1731EA3DAA00092E0BD /* Products */;
			projectDirPath = "";
			projectRoot = "";
			targets = (
				AC1AE1711EA3DAA00092E0BD /* OMDB */,
				AC1AE1881EA3DAA00092E0BD /* OMDBTests */,
			);
		};
/* End PBXProject section */

/* Begin PBXResourcesBuildPhase section */
		AC1AE1701EA3DAA00092E0BD /* Resources */ = {
			isa = PBXResourcesBuildPhase;
			buildActionMask = 2147483647;
			files = (
				AC1AE1831EA3DAA00092E0BD /* LaunchScreen.storyboard in Resources */,
				AC1AE1801EA3DAA00092E0BD /* Assets.xcassets in Resources */,
				AC1AE17B1EA3DAA00092E0BD /* Main.storyboard in Resources */,
			);
			runOnlyForDeploymentPostprocessing = 0;
		};
		AC1AE1871EA3DAA00092E0BD /* Resources */ = {
			isa = PBXResourcesBuildPhase;
			buildActionMask = 2147483647;
			files = (
			);
			runOnlyForDeploymentPostprocessing = 0;
		};
/* End PBXResourcesBuildPhase section */

/* Begin PBXSourcesBuildPhase section */
		AC1AE16E1EA3DAA00092E0BD /* Sources */ = {
			isa = PBXSourcesBuildPhase;
			buildActionMask = 2147483647;
			files = (
				AC1AE17E1EA3DAA00092E0BD /* OMDB.xcdatamodeld in Sources */,
				AC1AE1991EA3E22F0092E0BD /* RecentsViewController.swift in Sources */,
				AC1AE1A21EA3F18D0092E0BD /* globalVariables.swift in Sources */,
				AC1AE1781EA3DAA00092E0BD /* ViewController.swift in Sources */,
				AC1AE1761EA3DAA00092E0BD /* AppDelegate.swift in Sources */,
				AC1AE19D1EA3E2800092E0BD /* FavoritesViewController.swift in Sources */,
				AC1AE19B1EA3E23E0092E0BD /* RecentMovieViewController.swift in Sources */,
				AC1AE19F1EA3E2930092E0BD /* FavoriteMovieViewController.swift in Sources */,
			);
			runOnlyForDeploymentPostprocessing = 0;
		};
		AC1AE1851EA3DAA00092E0BD /* Sources */ = {
			isa = PBXSourcesBuildPhase;
			buildActionMask = 2147483647;
			files = (
				AC1AE18E1EA3DAA00092E0BD /* OMDBTests.swift in Sources */,
			);
			runOnlyForDeploymentPostprocessing = 0;
		};
/* End PBXSourcesBuildPhase section */

/* Begin PBXTargetDependency section */
		AC1AE18B1EA3DAA00092E0BD /* PBXTargetDependency */ = {
			isa = PBXTargetDependency;
			target = AC1AE1711EA3DAA00092E0BD /* OMDB */;
			targetProxy = AC1AE18A1EA3DAA00092E0BD /* PBXContainerItemProxy */;
		};
/* End PBXTargetDependency section */

/* Begin PBXVariantGroup section */
		AC1AE1791EA3DAA00092E0BD /* Main.storyboard */ = {
			isa = PBXVariantGroup;
			children = (
				AC1AE17A1EA3DAA00092E0BD /* Base */,
			);
			name = Main.storyboard;
			sourceTree = "<group>";
		};
		AC1AE1811EA3DAA00092E0BD /* LaunchScreen.storyboard */ = {
			isa = PBXVariantGroup;
			children = (
				AC1AE1821EA3DAA00092E0BD /* Base */,
			);
			name = LaunchScreen.storyboard;
			sourceTree = "<group>";
		};
/* End PBXVariantGroup section */

/* Begin XCBuildConfiguration section */
		AC1AE1901EA3DAA00092E0BD /* Debug */ = {
			isa = XCBuildConfiguration;
			buildSettings = {
				ALWAYS_SEARCH_USER_PATHS = NO;
				CLANG_ANALYZER_NONNULL = YES;
				CLANG_CXX_LANGUAGE_STANDARD = "gnu++0x";
				CLANG_CXX_LIBRARY = "libc++";
				CLANG_ENABLE_MODULES = YES;
				CLANG_ENABLE_OBJC_ARC = YES;
				CLANG_WARN_BOOL_CONVERSION = YES;
				CLANG_WARN_CONSTANT_CONVERSION = YES;
				CLANG_WARN_DIRECT_OBJC_ISA_USAGE = YES_ERROR;
				CLANG_WARN_DOCUMENTATION_COMMENTS = YES;
				CLANG_WARN_EMPTY_BODY = YES;
				CLANG_WARN_ENUM_CONVERSION = YES;
				CLANG_WARN_INFINITE_RECURSION = YES;
				CLANG_WARN_INT_CONVERSION = YES;
				CLANG_WARN_OBJC_ROOT_CLASS = YES_ERROR;
				CLANG_WARN_SUSPICIOUS_MOVES = YES;
				CLANG_WARN_UNREACHABLE_CODE = YES;
				CLANG_WARN__DUPLICATE_METHOD_MATCH = YES;
				"CODE_SIGN_IDENTITY[sdk=iphoneos*]" = "iPhone Developer";
				COPY_PHASE_STRIP = NO;
				DEBUG_INFORMATION_FORMAT = dwarf;
				ENABLE_STRICT_OBJC_MSGSEND = YES;
				ENABLE_TESTABILITY = YES;
				GCC_C_LANGUAGE_STANDARD = gnu99;
				GCC_DYNAMIC_NO_PIC = NO;
				GCC_NO_COMMON_BLOCKS = YES;
				GCC_OPTIMIZATION_LEVEL = 0;
				GCC_PREPROCESSOR_DEFINITIONS = (
					"DEBUG=1",
					"$(inherited)",
				);
				GCC_WARN_64_TO_32_BIT_CONVERSION = YES;
				GCC_WARN_ABOUT_RETURN_TYPE = YES_ERROR;
				GCC_WARN_UNDECLARED_SELECTOR = YES;
				GCC_WARN_UNINITIALIZED_AUTOS = YES_AGGRESSIVE;
				GCC_WARN_UNUSED_FUNCTION = YES;
				GCC_WARN_UNUSED_VARIABLE = YES;
				IPHONEOS_DEPLOYMENT_TARGET = 10.0;
				MTL_ENABLE_DEBUG_INFO = YES;
				ONLY_ACTIVE_ARCH = YES;
				SDKROOT = iphoneos;
				SWIFT_ACTIVE_COMPILATION_CONDITIONS = DEBUG;
				SWIFT_OPTIMIZATION_LEVEL = "-Onone";
			};
			name = Debug;
		};
		AC1AE1911EA3DAA00092E0BD /* Release */ = {
			isa = XCBuildConfiguration;
			buildSettings = {
				ALWAYS_SEARCH_USER_PATHS = NO;
				CLANG_ANALYZER_NONNULL = YES;
				CLANG_CXX_LANGUAGE_STANDARD = "gnu++0x";
				CLANG_CXX_LIBRARY = "libc++";
				CLANG_ENABLE_MODULES = YES;
				CLANG_ENABLE_OBJC_ARC = YES;
				CLANG_WARN_BOOL_CONVERSION = YES;
				CLANG_WARN_CONSTANT_CONVERSION = YES;
				CLANG_WARN_DIRECT_OBJC_ISA_USAGE = YES_ERROR;
				CLANG_WARN_DOCUMENTATION_COMMENTS = YES;
				CLANG_WARN_EMPTY_BODY = YES;
				CLANG_WARN_ENUM_CONVERSION = YES;
				CLANG_WARN_INFINITE_RECURSION = YES;
				CLANG_WARN_INT_CONVERSION = YES;
				CLANG_WARN_OBJC_ROOT_CLASS = YES_ERROR;
				CLANG_WARN_SUSPICIOUS_MOVES = YES;
				CLANG_WARN_UNREACHABLE_CODE = YES;
				CLANG_WARN__DUPLICATE_METHOD_MATCH = YES;
				"CODE_SIGN_IDENTITY[sdk=iphoneos*]" = "iPhone Developer";
				COPY_PHASE_STRIP = NO;
				DEBUG_INFORMATION_FORMAT = "dwarf-with-dsym";
				ENABLE_NS_ASSERTIONS = NO;
				ENABLE_STRICT_OBJC_MSGSEND = YES;
				GCC_C_LANGUAGE_STANDARD = gnu99;
				GCC_NO_COMMON_BLOCKS = YES;
				GCC_WARN_64_TO_32_BIT_CONVERSION = YES;
				GCC_WARN_ABOUT_RETURN_TYPE = YES_ERROR;
				GCC_WARN_UNDECLARED_SELECTOR = YES;
				GCC_WARN_UNINITIALIZED_AUTOS = YES_AGGRESSIVE;
				GCC_WARN_UNUSED_FUNCTION = YES;
				GCC_WARN_UNUSED_VARIABLE = YES;
				IPHONEOS_DEPLOYMENT_TARGET = 10.0;
				MTL_ENABLE_DEBUG_INFO = NO;
				SDKROOT = iphoneos;
				SWIFT_OPTIMIZATION_LEVEL = "-Owholemodule";
				VALIDATE_PRODUCT = YES;
			};
			name = Release;
		};
		AC1AE1931EA3DAA00092E0BD /* Debug */ = {
			isa = XCBuildConfiguration;
			buildSettings = {
				ASSETCATALOG_COMPILER_APPICON_NAME = AppIcon;
				DEVELOPMENT_TEAM = 3H48PQ496E;
				INFOPLIST_FILE = OMDB/Info.plist;
				IPHONEOS_DEPLOYMENT_TARGET = 10.0;
				LD_RUNPATH_SEARCH_PATHS = "$(inherited) @executable_path/Frameworks";
				PRODUCT_BUNDLE_IDENTIFIER = com.GK.OMDB;
				PRODUCT_NAME = "$(TARGET_NAME)";
				SWIFT_VERSION = 3.0;
			};
			name = Debug;
		};
		AC1AE1941EA3DAA00092E0BD /* Release */ = {
			isa = XCBuildConfiguration;
			buildSettings = {
				ASSETCATALOG_COMPILER_APPICON_NAME = AppIcon;
				DEVELOPMENT_TEAM = 3H48PQ496E;
				INFOPLIST_FILE = OMDB/Info.plist;
				IPHONEOS_DEPLOYMENT_TARGET = 10.0;
				LD_RUNPATH_SEARCH_PATHS = "$(inherited) @executable_path/Frameworks";
				PRODUCT_BUNDLE_IDENTIFIER = com.GK.OMDB;
				PRODUCT_NAME = "$(TARGET_NAME)";
				SWIFT_VERSION = 3.0;
			};
			name = Release;
		};
		AC1AE1961EA3DAA00092E0BD /* Debug */ = {
			isa = XCBuildConfiguration;
			buildSettings = {
				ALWAYS_EMBED_SWIFT_STANDARD_LIBRARIES = YES;
				BUNDLE_LOADER = "$(TEST_HOST)";
				INFOPLIST_FILE = OMDBTests/Info.plist;
				LD_RUNPATH_SEARCH_PATHS = "$(inherited) @executable_path/Frameworks @loader_path/Frameworks";
				PRODUCT_BUNDLE_IDENTIFIER = com.GK.OMDBTests;
				PRODUCT_NAME = "$(TARGET_NAME)";
				SWIFT_VERSION = 3.0;
				TEST_HOST = "$(BUILT_PRODUCTS_DIR)/OMDB.app/OMDB";
			};
			name = Debug;
		};
		AC1AE1971EA3DAA00092E0BD /* Release */ = {
			isa = XCBuildConfiguration;
			buildSettings = {
				ALWAYS_EMBED_SWIFT_STANDARD_LIBRARIES = YES;
				BUNDLE_LOADER = "$(TEST_HOST)";
				INFOPLIST_FILE = OMDBTests/Info.plist;
				LD_RUNPATH_SEARCH_PATHS = "$(inherited) @executable_path/Frameworks @loader_path/Frameworks";
				PRODUCT_BUNDLE_IDENTIFIER = com.GK.OMDBTests;
				PRODUCT_NAME = "$(TARGET_NAME)";
				SWIFT_VERSION = 3.0;
				TEST_HOST = "$(BUILT_PRODUCTS_DIR)/OMDB.app/OMDB";
			};
			name = Release;
		};
/* End XCBuildConfiguration section */

/* Begin XCConfigurationList section */
		AC1AE16D1EA3DA9F0092E0BD /* Build configuration list for PBXProject "OMDB" */ = {
			isa = XCConfigurationList;
			buildConfigurations = (
				AC1AE1901EA3DAA00092E0BD /* Debug */,
				AC1AE1911EA3DAA00092E0BD /* Release */,
			);
			defaultConfigurationIsVisible = 0;
			defaultConfigurationName = Release;
		};
		AC1AE1921EA3DAA00092E0BD /* Build configuration list for PBXNativeTarget "OMDB" */ = {
			isa = XCConfigurationList;
			buildConfigurations = (
				AC1AE1931EA3DAA00092E0BD /* Debug */,
				AC1AE1941EA3DAA00092E0BD /* Release */,
			);
			defaultConfigurationIsVisible = 0;
		};
		AC1AE1951EA3DAA00092E0BD /* Build configuration list for PBXNativeTarget "OMDBTests" */ = {
			isa = XCConfigurationList;
			buildConfigurations = (
				AC1AE1961EA3DAA00092E0BD /* Debug */,
				AC1AE1971EA3DAA00092E0BD /* Release */,
			);
			defaultConfigurationIsVisible = 0;
		};
/* End XCConfigurationList section */

/* Begin XCVersionGroup section */
		AC1AE17C1EA3DAA00092E0BD /* OMDB.xcdatamodeld */ = {
			isa = XCVersionGroup;
			children = (
				AC1AE17D1EA3DAA00092E0BD /* OMDB.xcdatamodel */,
			);
			currentVersion = AC1AE17D1EA3DAA00092E0BD /* OMDB.xcdatamodel */;
			path = OMDB.xcdatamodeld;
			sourceTree = "<group>";
			versionGroupType = wrapper.xcdatamodel;
		};
/* End XCVersionGroup section */
	};
	rootObject = AC1AE16A1EA3DA9F0092E0BD /* Project object */;
}
